{
    "name": "stencil-starter-on",
    "version": "0.0.1",
    "lockfileVersion": 2,
    "requires": true,
    "packages": {
        "": {
            "name": "stencil-starter-on",
            "version": "0.0.1",
            "license": "MIT",
            "dependencies": {
                "@stencil/core": "^2.14.2",
                "test-component": "^0.0.4"
            },
            "devDependencies": {
                "@stencil/sass": "^1.5.2"
            }
        },
        "node_modules/@stencil/core": {
            "version": "2.14.2",
            "resolved": "https://registry.npmjs.org/@stencil/core/-/core-2.14.2.tgz",
            "integrity": "sha512-NMC5Xi8sPFJxaO4rz6CbMHuD6PteE/RJWtjrbkusmpjKRtMXkfZJPIgOrleZ4xO+vXcNyL535Ru7vUADqEsTiQ==",
            "bin": {
                "stencil": "bin/stencil"
            },
            "engines": {
                "node": ">=12.10.0",
                "npm": ">=6.0.0"
            }
        },
        "node_modules/@stencil/sass": {
            "version": "1.5.2",
            "resolved": "https://registry.npmjs.org/@stencil/sass/-/sass-1.5.2.tgz",
            "integrity": "sha512-nJ93pUSylsGsMX0eLmhxh1oEljcUjj5mYjhB9ziCdoaydAdjukrUoqDCC7tdVbOcBo2hKptQyWqCtETnBGYsXQ==",
            "dev": true,
            "peerDependencies": {
                "@stencil/core": ">=1.0.2"
            }
        },
        "node_modules/test-component": {
            "version": "0.0.4",
            "resolved": "https://registry.npmjs.org/test-component/-/test-component-0.0.4.tgz",
            "integrity": "sha1-QPMyZpMkTbk/LPj9YFOIGKau8R8="
        }
    },
    "dependencies": {
        "@stencil/core": {
            "version": "2.14.2",
            "resolved": "https://registry.npmjs.org/@stencil/core/-/core-2.14.2.tgz",
            "integrity": "sha512-NMC5Xi8sPFJxaO4rz6CbMHuD6PteE/RJWtjrbkusmpjKRtMXkfZJPIgOrleZ4xO+vXcNyL535Ru7vUADqEsTiQ=="
        },
        "@stencil/sass": {
            "version": "1.5.2",
            "resolved": "https://registry.npmjs.org/@stencil/sass/-/sass-1.5.2.tgz",
            "integrity": "sha512-nJ93pUSylsGsMX0eLmhxh1oEljcUjj5mYjhB9ziCdoaydAdjukrUoqDCC7tdVbOcBo2hKptQyWqCtETnBGYsXQ==",
            "dev": true,
            "requires": {}
        },
        "test-component": {
            "version": "0.0.4",
            "resolved": "https://registry.npmjs.org/test-component/-/test-component-0.0.4.tgz",
            "integrity": "sha1-QPMyZpMkTbk/LPj9YFOIGKau8R8="
        }
    }
}
